
Microsoft Visual Studio Solution File, Format Version 12.00
# Visual Studio 2015
Project("{FAE04EC0-301F-11D3-BF4B-00C04F79EFBC}") = "FoodFight-master.CSharp", "FoodFight-master.CSharp.csproj", "{42EE142B-D153-53B3-0058-195E7DADA92C}"
EndProject
Global
	GlobalSection(SolutionConfigurationPlatforms) = preSolution
		Debug|Any CPU = Debug|Any CPU
		Release|Any CPU = Release|Any CPU
	EndGlobalSection
	GlobalSection(ProjectConfigurationPlatforms) = postSolution
		{42EE142B-D153-53B3-0058-195E7DADA92C}.Debug|Any CPU.ActiveCfg = Debug|Any CPU
		{42EE142B-D153-53B3-0058-195E7DADA92C}.Debug|Any CPU.Build.0 = Debug|Any CPU
		{42EE142B-D153-53B3-0058-195E7DADA92C}.Release|Any CPU.ActiveCfg = Release|Any CPU
		{42EE142B-D153-53B3-0058-195E7DADA92C}.Release|Any CPU.Build.0 = Release|Any CPU
	EndGlobalSection
	GlobalSection(SolutionProperties) = preSolution
		HideSolutionNode = FALSE
	EndGlobalSection
EndGlobal
